// !$*UTF8*$!
{
	archiveVersion = 1;
	classes = {
	};
	objectVersion = 56;
	objects = {

/* Begin PBXBuildFile section */
		E89B7BFE2AEA4EC900360D57 /* burpee.mp4 in Resources */ = {isa = PBXBuildFile; fileRef = E89B7BFA2AEA4EC800360D57 /* burpee.mp4 */; };
		E89B7BFF2AEA4EC900360D57 /* sun-salute.mp4 in Resources */ = {isa = PBXBuildFile; fileRef = E89B7BFB2AEA4EC900360D57 /* sun-salute.mp4 */; };
		E89B7C002AEA4EC900360D57 /* squat.mp4 in Resources */ = {isa = PBXBuildFile; fileRef = E89B7BFC2AEA4EC900360D57 /* squat.mp4 */; };
		E89B7C012AEA4EC900360D57 /* step-up.mp4 in Resources */ = {isa = PBXBuildFile; fileRef = E89B7BFD2AEA4EC900360D57 /* step-up.mp4 */; };
		E89B7C032AEA4F2C00360D57 /* RatingView.swift in Sources */ = {isa = PBXBuildFile; fileRef = E89B7C022AEA4F2C00360D57 /* RatingView.swift */; };
		E89B7C052AEA504700360D57 /* VideoPlayerView.swift in Sources */ = {isa = PBXBuildFile; fileRef = E89B7C042AEA504700360D57 /* VideoPlayerView.swift */; };
		E8C3E2562AE7BC0700CB56BF /* My_FirstApp.swift in Sources */ = {isa = PBXBuildFile; fileRef = E8C3E2552AE7BC0700CB56BF /* My_FirstApp.swift */; };
		E8C3E2582AE7BC0700CB56BF /* ContentView.swift in Sources */ = {isa = PBXBuildFile; fileRef = E8C3E2572AE7BC0700CB56BF /* ContentView.swift */; };
		E8C3E25A2AE7BC0900CB56BF /* Assets.xcassets in Resources */ = {isa = PBXBuildFile; fileRef = E8C3E2592AE7BC0900CB56BF /* Assets.xcassets */; };
		E8C3E25D2AE7BC0900CB56BF /* Preview Assets.xcassets in Resources */ = {isa = PBXBuildFile; fileRef = E8C3E25C2AE7BC0900CB56BF /* Preview Assets.xcassets */; };
		E8C3E2642AE7BCD200CB56BF /* WelcomeView.swift in Sources */ = {isa = PBXBuildFile; fileRef = E8C3E2632AE7BCD200CB56BF /* WelcomeView.swift */; };
		E8C3E2662AE7BCEF00CB56BF /* ExerciseView.swift in Sources */ = {isa = PBXBuildFile; fileRef = E8C3E2652AE7BCEF00CB56BF /* ExerciseView.swift */; };
		E8C3E27F2AE7FB3F00CB56BF /* HeaderView.swift in Sources */ = {isa = PBXBuildFile; fileRef = E8C3E27E2AE7FB3E00CB56BF /* HeaderView.swift */; };
		E8C3E2812AE7FE6400CB56BF /* Exercise.swift in Sources */ = {isa = PBXBuildFile; fileRef = E8C3E2802AE7FE6400CB56BF /* Exercise.swift */; };
/* End PBXBuildFile section */

/* Begin PBXFileReference section */
		E89B7BFA2AEA4EC800360D57 /* burpee.mp4 */ = {isa = PBXFileReference; lastKnownFileType = file; path = burpee.mp4; sourceTree = "<group>"; };
		E89B7BFB2AEA4EC900360D57 /* sun-salute.mp4 */ = {isa = PBXFileReference; lastKnownFileType = file; path = "sun-salute.mp4"; sourceTree = "<group>"; };
		E89B7BFC2AEA4EC900360D57 /* squat.mp4 */ = {isa = PBXFileReference; lastKnownFileType = file; path = squat.mp4; sourceTree = "<group>"; };
		E89B7BFD2AEA4EC900360D57 /* step-up.mp4 */ = {isa = PBXFileReference; lastKnownFileType = file; path = "step-up.mp4"; sourceTree = "<group>"; };
		E89B7C022AEA4F2C00360D57 /* RatingView.swift */ = {isa = PBXFileReference; lastKnownFileType = sourcecode.swift; path = RatingView.swift; sourceTree = "<group>"; };
		E89B7C042AEA504700360D57 /* VideoPlayerView.swift */ = {isa = PBXFileReference; lastKnownFileType = sourcecode.swift; path = VideoPlayerView.swift; sourceTree = "<group>"; };
		E8C3E2522AE7BC0700CB56BF /* HIITFit.app */ = {isa = PBXFileReference; explicitFileType = wrapper.application; includeInIndex = 0; path = HIITFit.app; sourceTree = BUILT_PRODUCTS_DIR; };
		E8C3E2552AE7BC0700CB56BF /* My_FirstApp.swift */ = {isa = PBXFileReference; lastKnownFileType = sourcecode.swift; path = My_FirstApp.swift; sourceTree = "<group>"; };
		E8C3E2572AE7BC0700CB56BF /* ContentView.swift */ = {isa = PBXFileReference; lastKnownFileType = sourcecode.swift; path = ContentView.swift; sourceTree = "<group>"; };
		E8C3E2592AE7BC0900CB56BF /* Assets.xcassets */ = {isa = PBXFileReference; lastKnownFileType = folder.assetcatalog; path = Assets.xcassets; sourceTree = "<group>"; };
		E8C3E25C2AE7BC0900CB56BF /* Preview Assets.xcassets */ = {isa = PBXFileReference; lastKnownFileType = folder.assetcatalog; path = "Preview Assets.xcassets"; sourceTree = "<group>"; };
		E8C3E2632AE7BCD200CB56BF /* WelcomeView.swift */ = {isa = PBXFileReference; lastKnownFileType = sourcecode.swift; path = WelcomeView.swift; sourceTree = "<group>"; };
		E8C3E2652AE7BCEF00CB56BF /* ExerciseView.swift */ = {isa = PBXFileReference; lastKnownFileType = sourcecode.swift; path = ExerciseView.swift; sourceTree = "<group>"; };
		E8C3E27E2AE7FB3E00CB56BF /* HeaderView.swift */ = {isa = PBXFileReference; lastKnownFileType = sourcecode.swift; path = HeaderView.swift; sourceTree = "<group>"; };
		E8C3E2802AE7FE6400CB56BF /* Exercise.swift */ = {isa = PBXFileReference; lastKnownFileType = sourcecode.swift; path = Exercise.swift; sourceTree = "<group>"; };
/* End PBXFileReference section */

/* Begin PBXFrameworksBuildPhase section */
		E8C3E24F2AE7BC0700CB56BF /* Frameworks */ = {
			isa = PBXFrameworksBuildPhase;
			buildActionMask = 2147483647;
			files = (
			);
			runOnlyForDeploymentPostprocessing = 0;
		};
/* End PBXFrameworksBuildPhase section */

/* Begin PBXGroup section */
		E8C3E2492AE7BC0700CB56BF = {
			isa = PBXGroup;
			children = (
				E8C3E2542AE7BC0700CB56BF /* My_First */,
				E8C3E2532AE7BC0700CB56BF /* Products */,
			);
			sourceTree = "<group>";
		};
		E8C3E2532AE7BC0700CB56BF /* Products */ = {
			isa = PBXGroup;
			children = (
				E8C3E2522AE7BC0700CB56BF /* HIITFit.app */,
			);
			name = Products;
			sourceTree = "<group>";
		};
		E8C3E2542AE7BC0700CB56BF /* My_First */ = {
			isa = PBXGroup;
			children = (
				E8C3E2802AE7FE6400CB56BF /* Exercise.swift */,
				E8C3E2552AE7BC0700CB56BF /* My_FirstApp.swift */,
				E8C3E2672AE7BD3600CB56BF /* Views */,
				E8C3E2592AE7BC0900CB56BF /* Assets.xcassets */,
				E8C3E25B2AE7BC0900CB56BF /* Preview Content */,
			);
			path = My_First;
			sourceTree = "<group>";
		};
		E8C3E25B2AE7BC0900CB56BF /* Preview Content */ = {
			isa = PBXGroup;
			children = (
				E8C3E25C2AE7BC0900CB56BF /* Preview Assets.xcassets */,
			);
			path = "Preview Content";
			sourceTree = "<group>";
		};
		E8C3E2672AE7BD3600CB56BF /* Views */ = {
			isa = PBXGroup;
			children = (
				E89B7BFA2AEA4EC800360D57 /* burpee.mp4 */,
				E89B7BFC2AEA4EC900360D57 /* squat.mp4 */,
				E89B7BFD2AEA4EC900360D57 /* step-up.mp4 */,
				E89B7BFB2AEA4EC900360D57 /* sun-salute.mp4 */,
				E8C3E2572AE7BC0700CB56BF /* ContentView.swift */,
				E8C3E2652AE7BCEF00CB56BF /* ExerciseView.swift */,
				E89B7C042AEA504700360D57 /* VideoPlayerView.swift */,
				E89B7C022AEA4F2C00360D57 /* RatingView.swift */,
				E8C3E27E2AE7FB3E00CB56BF /* HeaderView.swift */,
				E8C3E2632AE7BCD200CB56BF /* WelcomeView.swift */,
			);
			path = Views;
			sourceTree = "<group>";
		};
/* End PBXGroup section */

/* Begin PBXNativeTarget section */
		E8C3E2512AE7BC0700CB56BF /* HIITFit */ = {
			isa = PBXNativeTarget;
			buildConfigurationList = E8C3E2602AE7BC0900CB56BF /* Build configuration list for PBXNativeTarget "HIITFit" */;
			buildPhases = (
				E8C3E24E2AE7BC0700CB56BF /* Sources */,
				E8C3E24F2AE7BC0700CB56BF /* Frameworks */,
				E8C3E2502AE7BC0700CB56BF /* Resources */,
			);
			buildRules = (
			);
			dependencies = (
			);
			name = HIITFit;
			productName = My_First;
			productReference = E8C3E2522AE7BC0700CB56BF /* HIITFit.app */;
			productType = "com.apple.product-type.application";
		};
/* End PBXNativeTarget section */

/* Begin PBXProject section */
		E8C3E24A2AE7BC0700CB56BF /* Project object */ = {
			isa = PBXProject;
			attributes = {
				BuildIndependentTargetsInParallel = 1;
				LastSwiftUpdateCheck = 1500;
				LastUpgradeCheck = 1500;
				TargetAttributes = {
					E8C3E2512AE7BC0700CB56BF = {
						CreatedOnToolsVersion = 15.0;
					};
				};
			};
			buildConfigurationList = E8C3E24D2AE7BC0700CB56BF /* Build configuration list for PBXProject "HIITFit" */;
			compatibilityVersion = "Xcode 14.0";
			developmentRegion = en;
			hasScannedForEncodings = 0;
			knownRegions = (
				en,
				Base,
			);
			mainGroup = E8C3E2492AE7BC0700CB56BF;
			productRefGroup = E8C3E2532AE7BC0700CB56BF /* Products */;
			projectDirPath = "";
			projectRoot = "";
			targets = (
				E8C3E2512AE7BC0700CB56BF /* HIITFit */,
			);
		};
/* End PBXProject section */

/* Begin PBXResourcesBuildPhase section */
		E8C3E2502AE7BC0700CB56BF /* Resources */ = {
			isa = PBXResourcesBuildPhase;
			buildActionMask = 2147483647;
			files = (
				E89B7C002AEA4EC900360D57 /* squat.mp4 in Resources */,
				E8C3E25D2AE7BC0900CB56BF /* Preview Assets.xcassets in Resources */,
				E89B7C012AEA4EC900360D57 /* step-up.mp4 in Resources */,
				E8C3E25A2AE7BC0900CB56BF /* Assets.xcassets in Resources */,
				E89B7BFF2AEA4EC900360D57 /* sun-salute.mp4 in Resources */,
				E89B7BFE2AEA4EC900360D57 /* burpee.mp4 in Resources */,
			);
			runOnlyForDeploymentPostprocessing = 0;
		};
/* End PBXResourcesBuildPhase section */

/* Begin PBXSourcesBuildPhase section */
		E8C3E24E2AE7BC0700CB56BF /* Sources */ = {
			isa = PBXSourcesBuildPhase;
			buildActionMask = 2147483647;
			files = (
				E8C3E27F2AE7FB3F00CB56BF /* HeaderView.swift in Sources */,
				E8C3E2662AE7BCEF00CB56BF /* ExerciseView.swift in Sources */,
				E8C3E2582AE7BC0700CB56BF /* ContentView.swift in Sources */,
				E8C3E2642AE7BCD200CB56BF /* WelcomeView.swift in Sources */,
				E8C3E2562AE7BC0700CB56BF /* My_FirstApp.swift in Sources */,
				E8C3E2812AE7FE6400CB56BF /* Exercise.swift in Sources */,
				E89B7C032AEA4F2C00360D57 /* RatingView.swift in Sources */,
				E89B7C052AEA504700360D57 /* VideoPlayerView.swift in Sources */,
			);
			runOnlyForDeploymentPostprocessing = 0;
		};
/* End PBXSourcesBuildPhase section */

/* Begin XCBuildConfiguration section */
		E8C3E25E2AE7BC0900CB56BF /* Debug */ = {
			isa = XCBuildConfiguration;
			buildSettings = {
				ALWAYS_SEARCH_USER_PATHS = NO;
				ASSETCATALOG_COMPILER_GENERATE_SWIFT_ASSET_SYMBOL_EXTENSIONS = YES;
				CLANG_ANALYZER_NONNULL = YES;
				CLANG_ANALYZER_NUMBER_OBJECT_CONVERSION = YES_AGGRESSIVE;
				CLANG_CXX_LANGUAGE_STANDARD = "gnu++20";
				CLANG_ENABLE_MODULES = YES;
				CLANG_ENABLE_OBJC_ARC = YES;
				CLANG_ENABLE_OBJC_WEAK = YES;
				CLANG_WARN_BLOCK_CAPTURE_AUTORELEASING = YES;
				CLANG_WARN_BOOL_CONVERSION = YES;
				CLANG_WARN_COMMA = YES;
				CLANG_WARN_CONSTANT_CONVERSION = YES;
				CLANG_WARN_DEPRECATED_OBJC_IMPLEMENTATIONS = YES;
				CLANG_WARN_DIRECT_OBJC_ISA_USAGE = YES_ERROR;
				CLANG_WARN_DOCUMENTATION_COMMENTS = YES;
				CLANG_WARN_EMPTY_BODY = YES;
				CLANG_WARN_ENUM_CONVERSION = YES;
				CLANG_WARN_INFINITE_RECURSION = YES;
				CLANG_WARN_INT_CONVERSION = YES;
				CLANG_WARN_NON_LITERAL_NULL_CONVERSION = YES;
				CLANG_WARN_OBJC_IMPLICIT_RETAIN_SELF = YES;
				CLANG_WARN_OBJC_LITERAL_CONVERSION = YES;
				CLANG_WARN_OBJC_ROOT_CLASS = YES_ERROR;
				CLANG_WARN_QUOTED_INCLUDE_IN_FRAMEWORK_HEADER = YES;
				CLANG_WARN_RANGE_LOOP_ANALYSIS = YES;
				CLANG_WARN_STRICT_PROTOTYPES = YES;
				CLANG_WARN_SUSPICIOUS_MOVE = YES;
				CLANG_WARN_UNGUARDED_AVAILABILITY = YES_AGGRESSIVE;
				CLANG_WARN_UNREACHABLE_CODE = YES;
				CLANG_WARN__DUPLICATE_METHOD_MATCH = YES;
				COPY_PHASE_STRIP = NO;
				DEBUG_INFORMATION_FORMAT = dwarf;
				ENABLE_STRICT_OBJC_MSGSEND = YES;
				ENABLE_TESTABILITY = YES;
				ENABLE_USER_SCRIPT_SANDBOXING = YES;
				GCC_C_LANGUAGE_STANDARD = gnu17;
				GCC_DYNAMIC_NO_PIC = NO;
				GCC_NO_COMMON_BLOCKS = YES;
				GCC_OPTIMIZATION_LEVEL = 0;
				GCC_PREPROCESSOR_DEFINITIONS = (
					"DEBUG=1",
					"$(inherited)",
				);
				GCC_WARN_64_TO_32_BIT_CONVERSION = YES;
				GCC_WARN_ABOUT_RETURN_TYPE = YES_ERROR;
				GCC_WARN_UNDECLARED_SELECTOR = YES;
				GCC_WARN_UNINITIALIZED_AUTOS = YES_AGGRESSIVE;
				GCC_WARN_UNUSED_FUNCTION = YES;
				GCC_WARN_UNUSED_VARIABLE = YES;
				IPHONEOS_DEPLOYMENT_TARGET = 17.0;
				LOCALIZATION_PREFERS_STRING_CATALOGS = YES;
				MTL_ENABLE_DEBUG_INFO = INCLUDE_SOURCE;
				MTL_FAST_MATH = YES;
				ONLY_ACTIVE_ARCH = YES;
				SDKROOT = iphoneos;
				SWIFT_ACTIVE_COMPILATION_CONDITIONS = "DEBUG $(inherited)";
				SWIFT_OPTIMIZATION_LEVEL = "-Onone";
			};
			name = Debug;
		};
		E8C3E25F2AE7BC0900CB56BF /* Release */ = {
			isa = XCBuildConfiguration;
			buildSettings = {
				ALWAYS_SEARCH_USER_PATHS = NO;
				ASSETCATALOG_COMPILER_GENERATE_SWIFT_ASSET_SYMBOL_EXTENSIONS = YES;
				CLANG_ANALYZER_NONNULL = YES;
				CLANG_ANALYZER_NUMBER_OBJECT_CONVERSION = YES_AGGRESSIVE;
				CLANG_CXX_LANGUAGE_STANDARD = "gnu++20";
				CLANG_ENABLE_MODULES = YES;
				CLANG_ENABLE_OBJC_ARC = YES;
				CLANG_ENABLE_OBJC_WEAK = YES;
				CLANG_WARN_BLOCK_CAPTURE_AUTORELEASING = YES;
				CLANG_WARN_BOOL_CONVERSION = YES;
				CLANG_WARN_COMMA = YES;
				CLANG_WARN_CONSTANT_CONVERSION = YES;
				CLANG_WARN_DEPRECATED_OBJC_IMPLEMENTATIONS = YES;
				CLANG_WARN_DIRECT_OBJC_ISA_USAGE = YES_ERROR;
				CLANG_WARN_DOCUMENTATION_COMMENTS = YES;
				CLANG_WARN_EMPTY_BODY = YES;
				CLANG_WARN_ENUM_CONVERSION = YES;
				CLANG_WARN_INFINITE_RECURSION = YES;
				CLANG_WARN_INT_CONVERSION = YES;
				CLANG_WARN_NON_LITERAL_NULL_CONVERSION = YES;
				CLANG_WARN_OBJC_IMPLICIT_RETAIN_SELF = YES;
				CLANG_WARN_OBJC_LITERAL_CONVERSION = YES;
				CLANG_WARN_OBJC_ROOT_CLASS = YES_ERROR;
				CLANG_WARN_QUOTED_INCLUDE_IN_FRAMEWORK_HEADER = YES;
				CLANG_WARN_RANGE_LOOP_ANALYSIS = YES;
				CLANG_WARN_STRICT_PROTOTYPES = YES;
				CLANG_WARN_SUSPICIOUS_MOVE = YES;
				CLANG_WARN_UNGUARDED_AVAILABILITY = YES_AGGRESSIVE;
				CLANG_WARN_UNREACHABLE_CODE = YES;
				CLANG_WARN__DUPLICATE_METHOD_MATCH = YES;
				COPY_PHASE_STRIP = NO;
				DEBUG_INFORMATION_FORMAT = "dwarf-with-dsym";
				ENABLE_NS_ASSERTIONS = NO;
				ENABLE_STRICT_OBJC_MSGSEND = YES;
				ENABLE_USER_SCRIPT_SANDBOXING = YES;
				GCC_C_LANGUAGE_STANDARD = gnu17;
				GCC_NO_COMMON_BLOCKS = YES;
				GCC_WARN_64_TO_32_BIT_CONVERSION = YES;
				GCC_WARN_ABOUT_RETURN_TYPE = YES_ERROR;
				GCC_WARN_UNDECLARED_SELECTOR = YES;
				GCC_WARN_UNINITIALIZED_AUTOS = YES_AGGRESSIVE;
				GCC_WARN_UNUSED_FUNCTION = YES;
				GCC_WARN_UNUSED_VARIABLE = YES;
				IPHONEOS_DEPLOYMENT_TARGET = 17.0;
				LOCALIZATION_PREFERS_STRING_CATALOGS = YES;
				MTL_ENABLE_DEBUG_INFO = NO;
				MTL_FAST_MATH = YES;
				SDKROOT = iphoneos;
				SWIFT_COMPILATION_MODE = wholemodule;
				VALIDATE_PRODUCT = YES;
			};
			name = Release;
		};
		E8C3E2612AE7BC0900CB56BF /* Debug */ = {
			isa = XCBuildConfiguration;
			buildSettings = {
				ASSETCATALOG_COMPILER_APPICON_NAME = AppIcon;
				ASSETCATALOG_COMPILER_GLOBAL_ACCENT_COLOR_NAME = AccentColor;
				CODE_SIGN_STYLE = Automatic;
				CURRENT_PROJECT_VERSION = 1;
				DEVELOPMENT_ASSET_PATHS = "\"My_First/Preview Content\"";
				DEVELOPMENT_TEAM = 36N72Y7M5U;
				ENABLE_PREVIEWS = YES;
				GENERATE_INFOPLIST_FILE = YES;
				INFOPLIST_KEY_UIApplicationSceneManifest_Generation = YES;
				INFOPLIST_KEY_UIApplicationSupportsIndirectInputEvents = YES;
				INFOPLIST_KEY_UILaunchScreen_Generation = YES;
				INFOPLIST_KEY_UISupportedInterfaceOrientations_iPad = "UIInterfaceOrientationPortrait UIInterfaceOrientationPortraitUpsideDown UIInterfaceOrientationLandscapeLeft UIInterfaceOrientationLandscapeRight";
				INFOPLIST_KEY_UISupportedInterfaceOrientations_iPhone = "UIInterfaceOrientationPortrait UIInterfaceOrientationLandscapeLeft UIInterfaceOrientationLandscapeRight";
				IPHONEOS_DEPLOYMENT_TARGET = 16.0;
				LD_RUNPATH_SEARCH_PATHS = (
					"$(inherited)",
					"@executable_path/Frameworks",
				);
				MARKETING_VERSION = 1.0;
				PRODUCT_BUNDLE_IDENTIFIER = "egg-orr.My-First";
				PRODUCT_NAME = "$(TARGET_NAME)";
				SWIFT_EMIT_LOC_STRINGS = YES;
				SWIFT_VERSION = 5.0;
				TARGETED_DEVICE_FAMILY = "1,2";
			};
			name = Debug;
		};
		E8C3E2622AE7BC0900CB56BF /* Release */ = {
			isa = XCBuildConfiguration;
			buildSettings = {
				ASSETCATALOG_COMPILER_APPICON_NAME = AppIcon;
				ASSETCATALOG_COMPILER_GLOBAL_ACCENT_COLOR_NAME = AccentColor;
				CODE_SIGN_STYLE = Automatic;
				CURRENT_PROJECT_VERSION = 1;
				DEVELOPMENT_ASSET_PATHS = "\"My_First/Preview Content\"";
				DEVELOPMENT_TEAM = 36N72Y7M5U;
				ENABLE_PREVIEWS = YES;
				GENERATE_INFOPLIST_FILE = YES;
				INFOPLIST_KEY_UIApplicationSceneManifest_Generation = YES;
				INFOPLIST_KEY_UIApplicationSupportsIndirectInputEvents = YES;
				INFOPLIST_KEY_UILaunchScreen_Generation = YES;
				INFOPLIST_KEY_UISupportedInterfaceOrientations_iPad = "UIInterfaceOrientationPortrait UIInterfaceOrientationPortraitUpsideDown UIInterfaceOrientationLandscapeLeft UIInterfaceOrientationLandscapeRight";
				INFOPLIST_KEY_UISupportedInterfaceOrientations_iPhone = "UIInterfaceOrientationPortrait UIInterfaceOrientationLandscapeLeft UIInterfaceOrientationLandscapeRight";
				IPHONEOS_DEPLOYMENT_TARGET = 16.0;
				LD_RUNPATH_SEARCH_PATHS = (
					"$(inherited)",
					"@executable_path/Frameworks",
				);
				MARKETING_VERSION = 1.0;
				PRODUCT_BUNDLE_IDENTIFIER = "egg-orr.My-First";
				PRODUCT_NAME = "$(TARGET_NAME)";
				SWIFT_EMIT_LOC_STRINGS = YES;
				SWIFT_VERSION = 5.0;
				TARGETED_DEVICE_FAMILY = "1,2";
			};
			name = Release;
		};
/* End XCBuildConfiguration section */

/* Begin XCConfigurationList section */
		E8C3E24D2AE7BC0700CB56BF /* Build configuration list for PBXProject "HIITFit" */ = {
			isa = XCConfigurationList;
			buildConfigurations = (
				E8C3E25E2AE7BC0900CB56BF /* Debug */,
				E8C3E25F2AE7BC0900CB56BF /* Release */,
			);
			defaultConfigurationIsVisible = 0;
			defaultConfigurationName = Release;
		};
		E8C3E2602AE7BC0900CB56BF /* Build configuration list for PBXNativeTarget "HIITFit" */ = {
			isa = XCConfigurationList;
			buildConfigurations = (
				E8C3E2612AE7BC0900CB56BF /* Debug */,
				E8C3E2622AE7BC0900CB56BF /* Release */,
			);
			defaultConfigurationIsVisible = 0;
			defaultConfigurationName = Release;
		};
/* End XCConfigurationList section */
	};
	rootObject = E8C3E24A2AE7BC0700CB56BF /* Project object */;
}
